
Microsoft Visual Studio Solution File, Format Version 12.00
# Visual Studio Version 17
VisualStudioVersion = 17.10.35122.118
MinimumVisualStudioVersion = 10.0.40219.1
Project("{FAE04EC0-301F-11D3-BF4B-00C04F79EFBC}") = "LibrarySample", "LibrarySample\LibrarySample.csproj", "{A9D75891-BAFD-4E83-AA6E-3B826ED66508}"
EndProject
Global
	GlobalSection(SolutionConfigurationPlatforms) = preSolution
		Debug|Any CPU = Debug|Any CPU
		Release|Any CPU = Release|Any CPU
	EndGlobalSection
	GlobalSection(ProjectConfigurationPlatforms) = postSolution
		{A9D75891-BAFD-4E83-AA6E-3B826ED66508}.Debug|Any CPU.ActiveCfg = Debug|Any CPU
		{A9D75891-BAFD-4E83-AA6E-3B826ED66508}.Debug|Any CPU.Build.0 = Debug|Any CPU
		{A9D75891-BAFD-4E83-AA6E-3B826ED66508}.Release|Any CPU.ActiveCfg = Release|Any CPU
		{A9D75891-BAFD-4E83-AA6E-3B826ED66508}.Release|Any CPU.Build.0 = Release|Any CPU
	EndGlobalSection
	GlobalSection(SolutionProperties) = preSolution
		HideSolutionNode = FALSE
	EndGlobalSection
	GlobalSection(ExtensibilityGlobals) = postSolution
		SolutionGuid = {35F3631A-4F8B-4621-AED0-9E4603153C27}
	EndGlobalSection
EndGlobal
